
Microsoft Visual Studio Solution File, Format Version 12.00
# Visual Studio Version 16
VisualStudioVersion = 16.0.33927.289
MinimumVisualStudioVersion = 10.0.40219.1
Project("{2150E333-8FDC-42A3-9474-1A3956D46DE8}") = "Task0", "Task0", "{AF9D49CE-3ABA-4801-93A4-CB4A99BFE4FC}"
EndProject
Project("{FAE04EC0-301F-11D3-BF4B-00C04F79EFBC}") = "Tyuiu.ZaripovEO.Sprint3.Task0.V1.Test", "Tyuiu.ZaripovEO.Sprint3.Task0.V1.Test\Tyuiu.ZaripovEO.Sprint3.Task0.V1.Test.csproj", "{4BCFA961-C3B0-4486-A287-754EF116A582}"
EndProject
Project("{FAE04EC0-301F-11D3-BF4B-00C04F79EFBC}") = "Tyuiu.ZaripovEO.Sprint3.Task0.V1", "Tyuiu.ZaripovEO.Sprint3.Task0.V1\Tyuiu.ZaripovEO.Sprint3.Task0.V1.csproj", "{EEAEAF06-E98D-4210-BF3A-99185003A842}"
EndProject
Project("{FAE04EC0-301F-11D3-BF4B-00C04F79EFBC}") = "Tyuiu.ZaripovEO.Sprint3.Task0.V1.Lib", "Tyuiu.ZaripovEO.Sprint3.Task0.V1.Lib\Tyuiu.ZaripovEO.Sprint3.Task0.V1.Lib.csproj", "{18214A88-E2C1-4C9A-9F16-947AA6791FBD}"
EndProject
Project("{2150E333-8FDC-42A3-9474-1A3956D46DE8}") = "Task1", "Task1", "{836215E9-E004-4C3B-BDCF-A2831259B6C5}"
EndProject
Project("{FAE04EC0-301F-11D3-BF4B-00C04F79EFBC}") = "Tyuiu.ZaripovEO.Sprint3.Task1.V3.Lib", "Tyuiu.ZaripovEO.Sprint3.Task1.V3.Lib\Tyuiu.ZaripovEO.Sprint3.Task1.V3.Lib.csproj", "{105442C1-D459-4F27-9321-62389AFC28F0}"
EndProject
Project("{FAE04EC0-301F-11D3-BF4B-00C04F79EFBC}") = "Tyuiu.ZaripovEO.Sprint3.Task1.V3", "Tyuiu.ZaripovEO.Sprint3.Task1.V3\Tyuiu.ZaripovEO.Sprint3.Task1.V3.csproj", "{EFDF0E96-C31B-4E6D-A414-B62C1E3D241E}"
EndProject
Project("{FAE04EC0-301F-11D3-BF4B-00C04F79EFBC}") = "Tyuiu.ZaripovEO.Sprint3.Task1.V3.Test", "Tyuiu.ZaripovEO.Sprint3.Task1.V3.Test\Tyuiu.ZaripovEO.Sprint3.Task1.V3.Test.csproj", "{9C392406-1670-429F-9A01-028C25BB197F}"
EndProject
Project("{2150E333-8FDC-42A3-9474-1A3956D46DE8}") = "Task2", "Task2", "{52633A4D-4ABB-4A05-BF5D-810FD9577B70}"
EndProject
Project("{FAE04EC0-301F-11D3-BF4B-00C04F79EFBC}") = "Tyuiu.ZaripovEO.Sprint3.Task2.V25", "Tyuiu.ZaripovEO.Sprint3.Task3.V25\Tyuiu.ZaripovEO.Sprint3.Task2.V25.csproj", "{BC91C37F-AAAF-4B22-A75D-479C626CCD54}"
EndProject
Project("{FAE04EC0-301F-11D3-BF4B-00C04F79EFBC}") = "Tyuiu.ZaripovEO.Sprint3.Task2.V25.Test", "Tyuiu.ZaripovEO.Sprint3.Task3.V25.Test\Tyuiu.ZaripovEO.Sprint3.Task2.V25.Test.csproj", "{C35889A4-66AF-4593-B1E5-43866246B21C}"
EndProject
Project("{FAE04EC0-301F-11D3-BF4B-00C04F79EFBC}") = "Tyuiu.ZaripovEO.Sprint3.Task2.V25.Lib", "Tyuiu.ZaripovEO.Sprint3.Task3.V25.Lib\Tyuiu.ZaripovEO.Sprint3.Task2.V25.Lib.csproj", "{1F32DAFB-5393-4BD9-A90E-49874A72A518}"
EndProject
Project("{2150E333-8FDC-42A3-9474-1A3956D46DE8}") = "Task3", "Task3", "{B8375D76-8AD2-437F-825B-7E330CCFD8AB}"
EndProject
Project("{FAE04EC0-301F-11D3-BF4B-00C04F79EFBC}") = "Tyuiu.ZaripovEO.Sprint3.Task3.V3.Lib", "Tyuiu.ZaripovEO.Sprint3.Task3.V3.Lib\Tyuiu.ZaripovEO.Sprint3.Task3.V3.Lib.csproj", "{7F2578EE-D539-41B3-B332-E220335D1C66}"
EndProject
Project("{FAE04EC0-301F-11D3-BF4B-00C04F79EFBC}") = "Tyuiu.ZaripovEO.Sprint3.Task3.V3", "Tyuiu.ZaripovEO.Sprint3.Task3.V3\Tyuiu.ZaripovEO.Sprint3.Task3.V3.csproj", "{9EA0B965-2F86-4571-B4DD-4179E6CD56C1}"
EndProject
Project("{FAE04EC0-301F-11D3-BF4B-00C04F79EFBC}") = "Tyuiu.ZaripovEO.Sprint3.Task3.V3.Test", "Tyuiu.ZaripovEO.Sprint3.Task3.V3.Test\Tyuiu.ZaripovEO.Sprint3.Task3.V3.Test.csproj", "{094A055A-576B-4FDA-ADB0-FF9CC627691E}"
EndProject
Project("{2150E333-8FDC-42A3-9474-1A3956D46DE8}") = "Task4", "Task4", "{34B019E5-E01A-4178-819E-80C7025D5D26}"
EndProject
Project("{FAE04EC0-301F-11D3-BF4B-00C04F79EFBC}") = "Tyuiu.ZaripovEO.Sprint3.Task4.V25", "Tyuiu.ZaripovEO.Sprint3.Task4.V25\Tyuiu.ZaripovEO.Sprint3.Task4.V25.csproj", "{7936A3F1-D771-4456-AFE3-43EE19F470A6}"
EndProject
Project("{FAE04EC0-301F-11D3-BF4B-00C04F79EFBC}") = "Tyuiu.ZaripovEO.Sprint3.Task4.V25.Test", "Tyuiu.ZaripovEO.Sprint3.Task4.V25.Test\Tyuiu.ZaripovEO.Sprint3.Task4.V25.Test.csproj", "{412FCFB9-BF96-4BE4-A8E0-EB0FD575FBA5}"
EndProject
Project("{FAE04EC0-301F-11D3-BF4B-00C04F79EFBC}") = "Tyuiu.ZaripovEO.Sprint3.Task4.V25.Lib", "Tyuiu.ZaripovEO.Sprint3.Task4.V25.Lib\Tyuiu.ZaripovEO.Sprint3.Task4.V25.Lib.csproj", "{8330DE11-2B81-4125-B339-644D9CF18C04}"
EndProject
Project("{2150E333-8FDC-42A3-9474-1A3956D46DE8}") = "Task5", "Task5", "{6CAD8BE7-F4F7-4659-B518-A41AF3B6B837}"
EndProject
Project("{FAE04EC0-301F-11D3-BF4B-00C04F79EFBC}") = "Tyuiu.ZaripovEO.Sprint3.Task5.V26", "Tyuiu.ZaripovEO.Sprint3.Task5.V26\Tyuiu.ZaripovEO.Sprint3.Task5.V26.csproj", "{65514F4F-32B3-43FA-B249-ADDECFCEFA24}"
EndProject
Project("{FAE04EC0-301F-11D3-BF4B-00C04F79EFBC}") = "Tyuiu.ZaripovEO.Sprint3.Task5.V26.Lib", "Tyuiu.ZaripovEO.Sprint3.Task5.V26.Lib\Tyuiu.ZaripovEO.Sprint3.Task5.V26.Lib.csproj", "{1414FE14-82F7-4CAD-B0FD-F058ED741CAA}"
EndProject
Project("{FAE04EC0-301F-11D3-BF4B-00C04F79EFBC}") = "Tyuiu.ZaripovEO.Sprint3.Task5.V26.Test", "Tyuiu.ZaripovEO.Sprint3.Task5.V26.Test\Tyuiu.ZaripovEO.Sprint3.Task5.V26.Test.csproj", "{F9AA2C43-AEEF-4FCC-BAED-5BC832ABF421}"
EndProject
Global
	GlobalSection(SolutionConfigurationPlatforms) = preSolution
		Debug|Any CPU = Debug|Any CPU
		Release|Any CPU = Release|Any CPU
	EndGlobalSection
	GlobalSection(ProjectConfigurationPlatforms) = postSolution
		{4BCFA961-C3B0-4486-A287-754EF116A582}.Debug|Any CPU.ActiveCfg = Debug|Any CPU
		{4BCFA961-C3B0-4486-A287-754EF116A582}.Debug|Any CPU.Build.0 = Debug|Any CPU
		{4BCFA961-C3B0-4486-A287-754EF116A582}.Release|Any CPU.ActiveCfg = Release|Any CPU
		{4BCFA961-C3B0-4486-A287-754EF116A582}.Release|Any CPU.Build.0 = Release|Any CPU
		{EEAEAF06-E98D-4210-BF3A-99185003A842}.Debug|Any CPU.ActiveCfg = Debug|Any CPU
		{EEAEAF06-E98D-4210-BF3A-99185003A842}.Debug|Any CPU.Build.0 = Debug|Any CPU
		{EEAEAF06-E98D-4210-BF3A-99185003A842}.Release|Any CPU.ActiveCfg = Release|Any CPU
		{EEAEAF06-E98D-4210-BF3A-99185003A842}.Release|Any CPU.Build.0 = Release|Any CPU
		{18214A88-E2C1-4C9A-9F16-947AA6791FBD}.Debug|Any CPU.ActiveCfg = Debug|Any CPU
		{18214A88-E2C1-4C9A-9F16-947AA6791FBD}.Debug|Any CPU.Build.0 = Debug|Any CPU
		{18214A88-E2C1-4C9A-9F16-947AA6791FBD}.Release|Any CPU.ActiveCfg = Release|Any CPU
		{18214A88-E2C1-4C9A-9F16-947AA6791FBD}.Release|Any CPU.Build.0 = Release|Any CPU
		{105442C1-D459-4F27-9321-62389AFC28F0}.Debug|Any CPU.ActiveCfg = Debug|Any CPU
		{105442C1-D459-4F27-9321-62389AFC28F0}.Debug|Any CPU.Build.0 = Debug|Any CPU
		{105442C1-D459-4F27-9321-62389AFC28F0}.Release|Any CPU.ActiveCfg = Release|Any CPU
		{105442C1-D459-4F27-9321-62389AFC28F0}.Release|Any CPU.Build.0 = Release|Any CPU
		{EFDF0E96-C31B-4E6D-A414-B62C1E3D241E}.Debug|Any CPU.ActiveCfg = Debug|Any CPU
		{EFDF0E96-C31B-4E6D-A414-B62C1E3D241E}.Debug|Any CPU.Build.0 = Debug|Any CPU
		{EFDF0E96-C31B-4E6D-A414-B62C1E3D241E}.Release|Any CPU.ActiveCfg = Release|Any CPU
		{EFDF0E96-C31B-4E6D-A414-B62C1E3D241E}.Release|Any CPU.Build.0 = Release|Any CPU
		{9C392406-1670-429F-9A01-028C25BB197F}.Debug|Any CPU.ActiveCfg = Debug|Any CPU
		{9C392406-1670-429F-9A01-028C25BB197F}.Debug|Any CPU.Build.0 = Debug|Any CPU
		{9C392406-1670-429F-9A01-028C25BB197F}.Release|Any CPU.ActiveCfg = Release|Any CPU
		{9C392406-1670-429F-9A01-028C25BB197F}.Release|Any CPU.Build.0 = Release|Any CPU
		{BC91C37F-AAAF-4B22-A75D-479C626CCD54}.Debug|Any CPU.ActiveCfg = Debug|Any CPU
		{BC91C37F-AAAF-4B22-A75D-479C626CCD54}.Debug|Any CPU.Build.0 = Debug|Any CPU
		{BC91C37F-AAAF-4B22-A75D-479C626CCD54}.Release|Any CPU.ActiveCfg = Release|Any CPU
		{BC91C37F-AAAF-4B22-A75D-479C626CCD54}.Release|Any CPU.Build.0 = Release|Any CPU
		{C35889A4-66AF-4593-B1E5-43866246B21C}.Debug|Any CPU.ActiveCfg = Debug|Any CPU
		{C35889A4-66AF-4593-B1E5-43866246B21C}.Debug|Any CPU.Build.0 = Debug|Any CPU
		{C35889A4-66AF-4593-B1E5-43866246B21C}.Release|Any CPU.ActiveCfg = Release|Any CPU
		{C35889A4-66AF-4593-B1E5-43866246B21C}.Release|Any CPU.Build.0 = Release|Any CPU
		{1F32DAFB-5393-4BD9-A90E-49874A72A518}.Debug|Any CPU.ActiveCfg = Debug|Any CPU
		{1F32DAFB-5393-4BD9-A90E-49874A72A518}.Debug|Any CPU.Build.0 = Debug|Any CPU
		{1F32DAFB-5393-4BD9-A90E-49874A72A518}.Release|Any CPU.ActiveCfg = Release|Any CPU
		{1F32DAFB-5393-4BD9-A90E-49874A72A518}.Release|Any CPU.Build.0 = Release|Any CPU
		{7F2578EE-D539-41B3-B332-E220335D1C66}.Debug|Any CPU.ActiveCfg = Debug|Any CPU
		{7F2578EE-D539-41B3-B332-E220335D1C66}.Debug|Any CPU.Build.0 = Debug|Any CPU
		{7F2578EE-D539-41B3-B332-E220335D1C66}.Release|Any CPU.ActiveCfg = Release|Any CPU
		{7F2578EE-D539-41B3-B332-E220335D1C66}.Release|Any CPU.Build.0 = Release|Any CPU
		{9EA0B965-2F86-4571-B4DD-4179E6CD56C1}.Debug|Any CPU.ActiveCfg = Debug|Any CPU
		{9EA0B965-2F86-4571-B4DD-4179E6CD56C1}.Debug|Any CPU.Build.0 = Debug|Any CPU
		{9EA0B965-2F86-4571-B4DD-4179E6CD56C1}.Release|Any CPU.ActiveCfg = Release|Any CPU
		{9EA0B965-2F86-4571-B4DD-4179E6CD56C1}.Release|Any CPU.Build.0 = Release|Any CPU
		{094A055A-576B-4FDA-ADB0-FF9CC627691E}.Debug|Any CPU.ActiveCfg = Debug|Any CPU
		{094A055A-576B-4FDA-ADB0-FF9CC627691E}.Debug|Any CPU.Build.0 = Debug|Any CPU
		{094A055A-576B-4FDA-ADB0-FF9CC627691E}.Release|Any CPU.ActiveCfg = Release|Any CPU
		{094A055A-576B-4FDA-ADB0-FF9CC627691E}.Release|Any CPU.Build.0 = Release|Any CPU
		{7936A3F1-D771-4456-AFE3-43EE19F470A6}.Debug|Any CPU.ActiveCfg = Debug|Any CPU
		{7936A3F1-D771-4456-AFE3-43EE19F470A6}.Debug|Any CPU.Build.0 = Debug|Any CPU
		{7936A3F1-D771-4456-AFE3-43EE19F470A6}.Release|Any CPU.ActiveCfg = Release|Any CPU
		{7936A3F1-D771-4456-AFE3-43EE19F470A6}.Release|Any CPU.Build.0 = Release|Any CPU
		{412FCFB9-BF96-4BE4-A8E0-EB0FD575FBA5}.Debug|Any CPU.ActiveCfg = Debug|Any CPU
		{412FCFB9-BF96-4BE4-A8E0-EB0FD575FBA5}.Debug|Any CPU.Build.0 = Debug|Any CPU
		{412FCFB9-BF96-4BE4-A8E0-EB0FD575FBA5}.Release|Any CPU.ActiveCfg = Release|Any CPU
		{412FCFB9-BF96-4BE4-A8E0-EB0FD575FBA5}.Release|Any CPU.Build.0 = Release|Any CPU
		{8330DE11-2B81-4125-B339-644D9CF18C04}.Debug|Any CPU.ActiveCfg = Debug|Any CPU
		{8330DE11-2B81-4125-B339-644D9CF18C04}.Debug|Any CPU.Build.0 = Debug|Any CPU
		{8330DE11-2B81-4125-B339-644D9CF18C04}.Release|Any CPU.ActiveCfg = Release|Any CPU
		{8330DE11-2B81-4125-B339-644D9CF18C04}.Release|Any CPU.Build.0 = Release|Any CPU
		{65514F4F-32B3-43FA-B249-ADDECFCEFA24}.Debug|Any CPU.ActiveCfg = Debug|Any CPU
		{65514F4F-32B3-43FA-B249-ADDECFCEFA24}.Debug|Any CPU.Build.0 = Debug|Any CPU
		{65514F4F-32B3-43FA-B249-ADDECFCEFA24}.Release|Any CPU.ActiveCfg = Release|Any CPU
		{65514F4F-32B3-43FA-B249-ADDECFCEFA24}.Release|Any CPU.Build.0 = Release|Any CPU
		{1414FE14-82F7-4CAD-B0FD-F058ED741CAA}.Debug|Any CPU.ActiveCfg = Debug|Any CPU
		{1414FE14-82F7-4CAD-B0FD-F058ED741CAA}.Debug|Any CPU.Build.0 = Debug|Any CPU
		{1414FE14-82F7-4CAD-B0FD-F058ED741CAA}.Release|Any CPU.ActiveCfg = Release|Any CPU
		{1414FE14-82F7-4CAD-B0FD-F058ED741CAA}.Release|Any CPU.Build.0 = Release|Any CPU
		{F9AA2C43-AEEF-4FCC-BAED-5BC832ABF421}.Debug|Any CPU.ActiveCfg = Debug|Any CPU
		{F9AA2C43-AEEF-4FCC-BAED-5BC832ABF421}.Debug|Any CPU.Build.0 = Debug|Any CPU
		{F9AA2C43-AEEF-4FCC-BAED-5BC832ABF421}.Release|Any CPU.ActiveCfg = Release|Any CPU
		{F9AA2C43-AEEF-4FCC-BAED-5BC832ABF421}.Release|Any CPU.Build.0 = Release|Any CPU
	EndGlobalSection
	GlobalSection(SolutionProperties) = preSolution
		HideSolutionNode = FALSE
	EndGlobalSection
	GlobalSection(NestedProjects) = preSolution
		{4BCFA961-C3B0-4486-A287-754EF116A582} = {AF9D49CE-3ABA-4801-93A4-CB4A99BFE4FC}
		{EEAEAF06-E98D-4210-BF3A-99185003A842} = {AF9D49CE-3ABA-4801-93A4-CB4A99BFE4FC}
		{18214A88-E2C1-4C9A-9F16-947AA6791FBD} = {AF9D49CE-3ABA-4801-93A4-CB4A99BFE4FC}
		{105442C1-D459-4F27-9321-62389AFC28F0} = {836215E9-E004-4C3B-BDCF-A2831259B6C5}
		{EFDF0E96-C31B-4E6D-A414-B62C1E3D241E} = {836215E9-E004-4C3B-BDCF-A2831259B6C5}
		{9C392406-1670-429F-9A01-028C25BB197F} = {836215E9-E004-4C3B-BDCF-A2831259B6C5}
		{BC91C37F-AAAF-4B22-A75D-479C626CCD54} = {52633A4D-4ABB-4A05-BF5D-810FD9577B70}
		{C35889A4-66AF-4593-B1E5-43866246B21C} = {52633A4D-4ABB-4A05-BF5D-810FD9577B70}
		{1F32DAFB-5393-4BD9-A90E-49874A72A518} = {52633A4D-4ABB-4A05-BF5D-810FD9577B70}
		{7F2578EE-D539-41B3-B332-E220335D1C66} = {B8375D76-8AD2-437F-825B-7E330CCFD8AB}
		{9EA0B965-2F86-4571-B4DD-4179E6CD56C1} = {B8375D76-8AD2-437F-825B-7E330CCFD8AB}
		{094A055A-576B-4FDA-ADB0-FF9CC627691E} = {B8375D76-8AD2-437F-825B-7E330CCFD8AB}
		{7936A3F1-D771-4456-AFE3-43EE19F470A6} = {34B019E5-E01A-4178-819E-80C7025D5D26}
		{412FCFB9-BF96-4BE4-A8E0-EB0FD575FBA5} = {34B019E5-E01A-4178-819E-80C7025D5D26}
		{8330DE11-2B81-4125-B339-644D9CF18C04} = {34B019E5-E01A-4178-819E-80C7025D5D26}
		{65514F4F-32B3-43FA-B249-ADDECFCEFA24} = {6CAD8BE7-F4F7-4659-B518-A41AF3B6B837}
		{1414FE14-82F7-4CAD-B0FD-F058ED741CAA} = {6CAD8BE7-F4F7-4659-B518-A41AF3B6B837}
		{F9AA2C43-AEEF-4FCC-BAED-5BC832ABF421} = {6CAD8BE7-F4F7-4659-B518-A41AF3B6B837}
	EndGlobalSection
	GlobalSection(ExtensibilityGlobals) = postSolution
		SolutionGuid = {AC2032C5-9703-4B98-93C5-0690C0F94533}
	EndGlobalSection
EndGlobal
